// !$*UTF8*$!
{
	archiveVersion = 1;
	classes = {
	};
	objectVersion = 48;
	objects = {

/* Begin PBXBuildFile section */
		1725BE472004427E00D7A881 /* PreferencePane.h in Headers */ = {isa = PBXBuildFile; fileRef = 1725BE462004427E00D7A881 /* PreferencePane.h */; };
		1725BE492004427E00D7A881 /* PreferencePane.m in Sources */ = {isa = PBXBuildFile; fileRef = 1725BE482004427E00D7A881 /* PreferencePane.m */; };
		1725BE4E2004427E00D7A881 /* PreferencePane.xib in Resources */ = {isa = PBXBuildFile; fileRef = 1725BE4C2004427E00D7A881 /* PreferencePane.xib */; };
		1725BE832004562B00D7A881 /* libSharedWithPrefixedNames.a in Frameworks */ = {isa = PBXBuildFile; fileRef = 1725BE842004562B00D7A881 /* libSharedWithPrefixedNames.a */; };
/* End PBXBuildFile section */

/* Begin PBXFileReference section */
		1725BE432004427E00D7A881 /* SCMC Preferences.prefPane */ = {isa = PBXFileReference; explicitFileType = wrapper.cfbundle; includeInIndex = 0; path = "SCMC Preferences.prefPane"; sourceTree = BUILT_PRODUCTS_DIR; };
		1725BE462004427E00D7A881 /* PreferencePane.h */ = {isa = PBXFileReference; lastKnownFileType = sourcecode.c.h; path = PreferencePane.h; sourceTree = "<group>"; };
		1725BE482004427E00D7A881 /* PreferencePane.m */ = {isa = PBXFileReference; lastKnownFileType = sourcecode.c.objc; path = PreferencePane.m; sourceTree = "<group>"; };
		1725BE4D2004427E00D7A881 /* Base */ = {isa = PBXFileReference; lastKnownFileType = file.xib; name = Base; path = Base.lproj/PreferencePane.xib; sourceTree = "<group>"; };
		1725BE4F2004427E00D7A881 /* Info.plist */ = {isa = PBXFileReference; lastKnownFileType = text.plist.xml; path = Info.plist; sourceTree = "<group>"; };
		1725BE842004562B00D7A881 /* libSharedWithPrefixedNames.a */ = {isa = PBXFileReference; explicitFileType = archive.ar; path = libSharedWithPrefixedNames.a; sourceTree = BUILT_PRODUCTS_DIR; };
/* End PBXFileReference section */

/* Begin PBXFrameworksBuildPhase section */
		1725BE3F2004427E00D7A881 /* Frameworks */ = {
			isa = PBXFrameworksBuildPhase;
			buildActionMask = 2147483647;
			files = (
				1725BE832004562B00D7A881 /* libSharedWithPrefixedNames.a in Frameworks */,
			);
			runOnlyForDeploymentPostprocessing = 0;
		};
/* End PBXFrameworksBuildPhase section */

/* Begin PBXGroup section */
		1725BE392004427E00D7A881 = {
			isa = PBXGroup;
			children = (
				1725BE452004427E00D7A881 /* Sources */,
				1725BE442004427E00D7A881 /* Products */,
				1725BE5920044A6B00D7A881 /* Frameworks */,
			);
			sourceTree = "<group>";
		};
		1725BE442004427E00D7A881 /* Products */ = {
			isa = PBXGroup;
			children = (
				1725BE432004427E00D7A881 /* SCMC Preferences.prefPane */,
			);
			name = Products;
			sourceTree = "<group>";
		};
		1725BE452004427E00D7A881 /* Sources */ = {
			isa = PBXGroup;
			children = (
				1725BE462004427E00D7A881 /* PreferencePane.h */,
				1725BE482004427E00D7A881 /* PreferencePane.m */,
				1725BE4C2004427E00D7A881 /* PreferencePane.xib */,
				1725BE4F2004427E00D7A881 /* Info.plist */,
			);
			path = Sources;
			sourceTree = "<group>";
		};
		1725BE5920044A6B00D7A881 /* Frameworks */ = {
			isa = PBXGroup;
			children = (
				1725BE842004562B00D7A881 /* libSharedWithPrefixedNames.a */,
			);
			name = Frameworks;
			sourceTree = "<group>";
		};
/* End PBXGroup section */

/* Begin PBXHeadersBuildPhase section */
		1725BE402004427E00D7A881 /* Headers */ = {
			isa = PBXHeadersBuildPhase;
			buildActionMask = 2147483647;
			files = (
				1725BE472004427E00D7A881 /* PreferencePane.h in Headers */,
			);
			runOnlyForDeploymentPostprocessing = 0;
		};
/* End PBXHeadersBuildPhase section */

/* Begin PBXNativeTarget section */
		1725BE422004427E00D7A881 /* SCMC Preferences */ = {
			isa = PBXNativeTarget;
			buildConfigurationList = 1725BE522004427E00D7A881 /* Build configuration list for PBXNativeTarget "SCMC Preferences" */;
			buildPhases = (
				1725BE3E2004427E00D7A881 /* Sources */,
				1725BE3F2004427E00D7A881 /* Frameworks */,
				1725BE402004427E00D7A881 /* Headers */,
				1725BE412004427E00D7A881 /* Resources */,
			);
			buildRules = (
			);
			dependencies = (
			);
			name = "SCMC Preferences";
			productName = "Preference Pane";
			productReference = 1725BE432004427E00D7A881 /* SCMC Preferences.prefPane */;
			productType = "com.apple.product-type.bundle";
		};
/* End PBXNativeTarget section */

/* Begin PBXProject section */
		1725BE3A2004427E00D7A881 /* Project object */ = {
			isa = PBXProject;
			attributes = {
				LastUpgradeCheck = 0920;
				ORGANIZATIONNAME = deej;
				TargetAttributes = {
					1725BE422004427E00D7A881 = {
						CreatedOnToolsVersion = 9.2;
						ProvisioningStyle = Automatic;
					};
				};
			};
			buildConfigurationList = 1725BE3D2004427E00D7A881 /* Build configuration list for PBXProject "Preference Pane" */;
			compatibilityVersion = "Xcode 8.0";
			developmentRegion = en;
			hasScannedForEncodings = 0;
			knownRegions = (
				en,
				Base,
			);
			mainGroup = 1725BE392004427E00D7A881;
			productRefGroup = 1725BE442004427E00D7A881 /* Products */;
			projectDirPath = "";
			projectRoot = "";
			targets = (
				1725BE422004427E00D7A881 /* SCMC Preferences */,
			);
		};
/* End PBXProject section */

/* Begin PBXResourcesBuildPhase section */
		1725BE412004427E00D7A881 /* Resources */ = {
			isa = PBXResourcesBuildPhase;
			buildActionMask = 2147483647;
			files = (
				1725BE4E2004427E00D7A881 /* PreferencePane.xib in Resources */,
			);
			runOnlyForDeploymentPostprocessing = 0;
		};
/* End PBXResourcesBuildPhase section */

/* Begin PBXSourcesBuildPhase section */
		1725BE3E2004427E00D7A881 /* Sources */ = {
			isa = PBXSourcesBuildPhase;
			buildActionMask = 2147483647;
			files = (
				1725BE492004427E00D7A881 /* PreferencePane.m in Sources */,
			);
			runOnlyForDeploymentPostprocessing = 0;
		};
/* End PBXSourcesBuildPhase section */

/* Begin PBXVariantGroup section */
		1725BE4C2004427E00D7A881 /* PreferencePane.xib */ = {
			isa = PBXVariantGroup;
			children = (
				1725BE4D2004427E00D7A881 /* Base */,
			);
			name = PreferencePane.xib;
			sourceTree = "<group>";
		};
/* End PBXVariantGroup section */

/* Begin XCBuildConfiguration section */
		1725BE502004427E00D7A881 /* Debug */ = {
			isa = XCBuildConfiguration;
			buildSettings = {
				ALWAYS_SEARCH_USER_PATHS = NO;
				CLANG_ANALYZER_NONNULL = YES;
				CLANG_ANALYZER_NUMBER_OBJECT_CONVERSION = YES_AGGRESSIVE;
				CLANG_CXX_LANGUAGE_STANDARD = "gnu++14";
				CLANG_CXX_LIBRARY = "libc++";
				CLANG_ENABLE_MODULES = YES;
				CLANG_ENABLE_OBJC_ARC = YES;
				CLANG_WARN_BLOCK_CAPTURE_AUTORELEASING = YES;
				CLANG_WARN_BOOL_CONVERSION = YES;
				CLANG_WARN_COMMA = YES;
				CLANG_WARN_CONSTANT_CONVERSION = YES;
				CLANG_WARN_DIRECT_OBJC_ISA_USAGE = YES_ERROR;
				CLANG_WARN_DOCUMENTATION_COMMENTS = YES;
				CLANG_WARN_EMPTY_BODY = YES;
				CLANG_WARN_ENUM_CONVERSION = YES;
				CLANG_WARN_INFINITE_RECURSION = YES;
				CLANG_WARN_INT_CONVERSION = YES;
				CLANG_WARN_NON_LITERAL_NULL_CONVERSION = YES;
				CLANG_WARN_OBJC_LITERAL_CONVERSION = YES;
				CLANG_WARN_OBJC_ROOT_CLASS = YES_ERROR;
				CLANG_WARN_RANGE_LOOP_ANALYSIS = YES;
				CLANG_WARN_STRICT_PROTOTYPES = YES;
				CLANG_WARN_SUSPICIOUS_MOVE = YES;
				CLANG_WARN_UNGUARDED_AVAILABILITY = YES_AGGRESSIVE;
				CLANG_WARN_UNREACHABLE_CODE = YES;
				CLANG_WARN__DUPLICATE_METHOD_MATCH = YES;
				CODE_SIGN_IDENTITY = "-";
				COPY_PHASE_STRIP = NO;
				DEBUG_INFORMATION_FORMAT = dwarf;
				ENABLE_STRICT_OBJC_MSGSEND = YES;
				ENABLE_TESTABILITY = YES;
				GCC_C_LANGUAGE_STANDARD = gnu11;
				GCC_DYNAMIC_NO_PIC = NO;
				GCC_NO_COMMON_BLOCKS = YES;
				GCC_OPTIMIZATION_LEVEL = 0;
				GCC_PREPROCESSOR_DEFINITIONS = (
					"DEBUG=1",
					"$(inherited)",
				);
				GCC_WARN_64_TO_32_BIT_CONVERSION = YES;
				GCC_WARN_ABOUT_RETURN_TYPE = YES_ERROR;
				GCC_WARN_UNDECLARED_SELECTOR = YES;
				GCC_WARN_UNINITIALIZED_AUTOS = YES_AGGRESSIVE;
				GCC_WARN_UNUSED_FUNCTION = YES;
				GCC_WARN_UNUSED_VARIABLE = YES;
				MACOSX_DEPLOYMENT_TARGET = 10.12;
				MTL_ENABLE_DEBUG_INFO = YES;
				ONLY_ACTIVE_ARCH = YES;
				SDKROOT = macosx;
			};
			name = Debug;
		};
		1725BE512004427E00D7A881 /* Release */ = {
			isa = XCBuildConfiguration;
			buildSettings = {
				ALWAYS_SEARCH_USER_PATHS = NO;
				CLANG_ANALYZER_NONNULL = YES;
				CLANG_ANALYZER_NUMBER_OBJECT_CONVERSION = YES_AGGRESSIVE;
				CLANG_CXX_LANGUAGE_STANDARD = "gnu++14";
				CLANG_CXX_LIBRARY = "libc++";
				CLANG_ENABLE_MODULES = YES;
				CLANG_ENABLE_OBJC_ARC = YES;
				CLANG_WARN_BLOCK_CAPTURE_AUTORELEASING = YES;
				CLANG_WARN_BOOL_CONVERSION = YES;
				CLANG_WARN_COMMA = YES;
				CLANG_WARN_CONSTANT_CONVERSION = YES;
				CLANG_WARN_DIRECT_OBJC_ISA_USAGE = YES_ERROR;
				CLANG_WARN_DOCUMENTATION_COMMENTS = YES;
				CLANG_WARN_EMPTY_BODY = YES;
				CLANG_WARN_ENUM_CONVERSION = YES;
				CLANG_WARN_INFINITE_RECURSION = YES;
				CLANG_WARN_INT_CONVERSION = YES;
				CLANG_WARN_NON_LITERAL_NULL_CONVERSION = YES;
				CLANG_WARN_OBJC_LITERAL_CONVERSION = YES;
				CLANG_WARN_OBJC_ROOT_CLASS = YES_ERROR;
				CLANG_WARN_RANGE_LOOP_ANALYSIS = YES;
				CLANG_WARN_STRICT_PROTOTYPES = YES;
				CLANG_WARN_SUSPICIOUS_MOVE = YES;
				CLANG_WARN_UNGUARDED_AVAILABILITY = YES_AGGRESSIVE;
				CLANG_WARN_UNREACHABLE_CODE = YES;
				CLANG_WARN__DUPLICATE_METHOD_MATCH = YES;
				CODE_SIGN_IDENTITY = "-";
				COPY_PHASE_STRIP = NO;
				DEBUG_INFORMATION_FORMAT = "dwarf-with-dsym";
				ENABLE_NS_ASSERTIONS = NO;
				ENABLE_STRICT_OBJC_MSGSEND = YES;
				GCC_C_LANGUAGE_STANDARD = gnu11;
				GCC_NO_COMMON_BLOCKS = YES;
				GCC_WARN_64_TO_32_BIT_CONVERSION = YES;
				GCC_WARN_ABOUT_RETURN_TYPE = YES_ERROR;
				GCC_WARN_UNDECLARED_SELECTOR = YES;
				GCC_WARN_UNINITIALIZED_AUTOS = YES_AGGRESSIVE;
				GCC_WARN_UNUSED_FUNCTION = YES;
				GCC_WARN_UNUSED_VARIABLE = YES;
				MACOSX_DEPLOYMENT_TARGET = 10.12;
				MTL_ENABLE_DEBUG_INFO = NO;
				SDKROOT = macosx;
			};
			name = Release;
		};
		1725BE532004427E00D7A881 /* Debug */ = {
			isa = XCBuildConfiguration;
			buildSettings = {
				CODE_SIGN_IDENTITY = "Mac Developer";
				CODE_SIGN_STYLE = Automatic;
				COMBINE_HIDPI_IMAGES = YES;
				DEVELOPMENT_TEAM = X58FT7637Z;
				INFOPLIST_FILE = Sources/Info.plist;
				INSTALL_PATH = "$(HOME)/Library/PreferencePanes";
				PRODUCT_BUNDLE_IDENTIFIER = "deej.SCMC.Preference-Pane";
				PRODUCT_NAME = "$(TARGET_NAME)";
				PROVISIONING_PROFILE_SPECIFIER = "";
				USER_HEADER_SEARCH_PATHS = "$BUILT_PRODUCTS_DIR/usr/**";
				WRAPPER_EXTENSION = prefPane;
			};
			name = Debug;
		};
		1725BE542004427E00D7A881 /* Release */ = {
			isa = XCBuildConfiguration;
			buildSettings = {
				CODE_SIGN_IDENTITY = "Mac Developer";
				CODE_SIGN_STYLE = Automatic;
				COMBINE_HIDPI_IMAGES = YES;
				DEVELOPMENT_TEAM = X58FT7637Z;
				INFOPLIST_FILE = Sources/Info.plist;
				INSTALL_PATH = "$(HOME)/Library/PreferencePanes";
				PRODUCT_BUNDLE_IDENTIFIER = "deej.SCMC.Preference-Pane";
				PRODUCT_NAME = "$(TARGET_NAME)";
				PROVISIONING_PROFILE_SPECIFIER = "";
				USER_HEADER_SEARCH_PATHS = "$BUILT_PRODUCTS_DIR/usr/**";
				WRAPPER_EXTENSION = prefPane;
			};
			name = Release;
		};
/* End XCBuildConfiguration section */

/* Begin XCConfigurationList section */
		1725BE3D2004427E00D7A881 /* Build configuration list for PBXProject "Preference Pane" */ = {
			isa = XCConfigurationList;
			buildConfigurations = (
				1725BE502004427E00D7A881 /* Debug */,
				1725BE512004427E00D7A881 /* Release */,
			);
			defaultConfigurationIsVisible = 0;
			defaultConfigurationName = Release;
		};
		1725BE522004427E00D7A881 /* Build configuration list for PBXNativeTarget "SCMC Preferences" */ = {
			isa = XCConfigurationList;
			buildConfigurations = (
				1725BE532004427E00D7A881 /* Debug */,
				1725BE542004427E00D7A881 /* Release */,
			);
			defaultConfigurationIsVisible = 0;
			defaultConfigurationName = Release;
		};
/* End XCConfigurationList section */
	};
	rootObject = 1725BE3A2004427E00D7A881 /* Project object */;
}
